
Microsoft Visual Studio Solution File, Format Version 12.00
# Visual Studio 2012
Project("{202899A3-C531-4771-9089-0213D66978AE}") = "ScopeTutorial", "ScopeTutorial\ScopeTutorial.scopeproj", "{3D79DD7C-25F8-4319-9E68-2BFA813CF034}"
EndProject
Global
	GlobalSection(SolutionConfigurationPlatforms) = preSolution
		Debug|Any CPU = Debug|Any CPU
		Release|Any CPU = Release|Any CPU
	EndGlobalSection
	GlobalSection(ProjectConfigurationPlatforms) = postSolution
		{3D79DD7C-25F8-4319-9E68-2BFA813CF034}.Debug|Any CPU.ActiveCfg = Debug|Any CPU
		{3D79DD7C-25F8-4319-9E68-2BFA813CF034}.Debug|Any CPU.Build.0 = Debug|Any CPU
		{3D79DD7C-25F8-4319-9E68-2BFA813CF034}.Release|Any CPU.ActiveCfg = Release|Any CPU
		{3D79DD7C-25F8-4319-9E68-2BFA813CF034}.Release|Any CPU.Build.0 = Release|Any CPU
	EndGlobalSection
	GlobalSection(SolutionProperties) = preSolution
		HideSolutionNode = FALSE
	EndGlobalSection
EndGlobal
